
Microsoft Visual Studio Solution File, Format Version 12.00
# Visual Studio Express 2012 for Windows Desktop
Project("{FAE04EC0-301F-11D3-BF4B-00C04F79EFBC}") = "Account Download", "Account Download\Account Download.csproj", "{47B2BC97-FC40-4BEC-B09F-66D376E0E1BA}"
EndProject
Global
	GlobalSection(SolutionConfigurationPlatforms) = preSolution
		Debug|Any CPU = Debug|Any CPU
		Release|Any CPU = Release|Any CPU
	EndGlobalSection
	GlobalSection(ProjectConfigurationPlatforms) = postSolution
		{47B2BC97-FC40-4BEC-B09F-66D376E0E1BA}.Debug|Any CPU.ActiveCfg = Debug|Any CPU
		{47B2BC97-FC40-4BEC-B09F-66D376E0E1BA}.Debug|Any CPU.Build.0 = Debug|Any CPU
		{47B2BC97-FC40-4BEC-B09F-66D376E0E1BA}.Release|Any CPU.ActiveCfg = Release|Any CPU
		{47B2BC97-FC40-4BEC-B09F-66D376E0E1BA}.Release|Any CPU.Build.0 = Release|Any CPU
	EndGlobalSection
	GlobalSection(SolutionProperties) = preSolution
		HideSolutionNode = FALSE
	EndGlobalSection
EndGlobal
